
Microsoft Visual Studio Solution File, Format Version 12.00
# Visual Studio Version 17
VisualStudioVersion = 17.14.36705.20
MinimumVisualStudioVersion = 10.0.40219.1
Project("{FAE04EC0-301F-11D3-BF4B-00C04F79EFBC}") = "Roguelancer", "Roguelancer.csproj", "{9B446646-6F08-4870-A866-6E8DFD128918}"
EndProject
Project("{FAE04EC0-301F-11D3-BF4B-00C04F79EFBC}") = "CmpImportExport", "..\CmpImportExport\CmpImportExport.csproj", "{4F7BEFFF-3ADE-4F66-85AC-3F81EDC9DF03}"
EndProject
Project("{FAE04EC0-301F-11D3-BF4B-00C04F79EFBC}") = "RoguelancerServer", "RoguelancerServer\RoguelancerServer.csproj", "{84CA7A2A-085B-16C9-2E68-3CFAFA11BA28}"
EndProject
Global
	GlobalSection(SolutionConfigurationPlatforms) = preSolution
		Debug|Any CPU = Debug|Any CPU
		Release|Any CPU = Release|Any CPU
	EndGlobalSection
	GlobalSection(ProjectConfigurationPlatforms) = postSolution
		{9B446646-6F08-4870-A866-6E8DFD128918}.Debug|Any CPU.ActiveCfg = Debug|Any CPU
		{9B446646-6F08-4870-A866-6E8DFD128918}.Debug|Any CPU.Build.0 = Debug|Any CPU
		{9B446646-6F08-4870-A866-6E8DFD128918}.Release|Any CPU.ActiveCfg = Release|Any CPU
		{9B446646-6F08-4870-A866-6E8DFD128918}.Release|Any CPU.Build.0 = Release|Any CPU
		{4F7BEFFF-3ADE-4F66-85AC-3F81EDC9DF03}.Debug|Any CPU.ActiveCfg = Debug|Any CPU
		{4F7BEFFF-3ADE-4F66-85AC-3F81EDC9DF03}.Debug|Any CPU.Build.0 = Debug|Any CPU
		{4F7BEFFF-3ADE-4F66-85AC-3F81EDC9DF03}.Release|Any CPU.ActiveCfg = Release|Any CPU
		{4F7BEFFF-3ADE-4F66-85AC-3F81EDC9DF03}.Release|Any CPU.Build.0 = Release|Any CPU
		{84CA7A2A-085B-16C9-2E68-3CFAFA11BA28}.Debug|Any CPU.ActiveCfg = Debug|Any CPU
		{84CA7A2A-085B-16C9-2E68-3CFAFA11BA28}.Debug|Any CPU.Build.0 = Debug|Any CPU
		{84CA7A2A-085B-16C9-2E68-3CFAFA11BA28}.Release|Any CPU.ActiveCfg = Release|Any CPU
		{84CA7A2A-085B-16C9-2E68-3CFAFA11BA28}.Release|Any CPU.Build.0 = Release|Any CPU
	EndGlobalSection
	GlobalSection(SolutionProperties) = preSolution
		HideSolutionNode = FALSE
	EndGlobalSection
	GlobalSection(ExtensibilityGlobals) = postSolution
		SolutionGuid = {FC2A596E-3926-4F1F-9839-6CD9A95C2FA2}
	EndGlobalSection
EndGlobal
